{
  "name": "NEWsocial-links-m",
  "lockfileVersion": 3,
  "requires": true,
  "packages": {
    "": {
      "dependencies": {
        "pdf.js-viewer": "^0.2.8"
      }
    },
    "node_modules/pdf.js-viewer": {
      "version": "0.2.8",
      "resolved": "https://registry.npmjs.org/pdf.js-viewer/-/pdf.js-viewer-0.2.8.tgz",
      "integrity": "sha512-m+JXACgxuZicQM8ToS0x7K16AYo0NYTkF6/r0sPGue5YNAw93JF9QL7mnIBuR321iXoQOLzekbMRxJ4RYizDsg==",
      "license": "Apache-2.0"
    }
  }
}
